
Microsoft Visual Studio Solution File, Format Version 12.00
# Visual Studio Version 16
VisualStudioVersion = 16.0.31112.23
MinimumVisualStudioVersion = 10.0.40219.1
Project("{2150E333-8FDC-42A3-9474-1A3956D46DE8}") = "T4", "T4", "{2CA72A91-BE99-432D-B63F-0EADAFA01FBF}"
	ProjectSection(SolutionItems) = preProject
		T4\Templates-Builder.tt = T4\Templates-Builder.tt
		T4\Templates-Mapper.tt = T4\Templates-Mapper.tt
		T4\Templates-UnitTests.tt = T4\Templates-UnitTests.tt
		T4\Utilities-Classes.tt = T4\Utilities-Classes.tt
		T4\Utilities-Project.tt = T4\Utilities-Project.tt
		T4\Utilities.tt = T4\Utilities.tt
	EndProjectSection
EndProject
Project("{2150E333-8FDC-42A3-9474-1A3956D46DE8}") = ".github", ".github", "{DDF7F5A5-86B3-4512-8AB4-B180F801A64D}"
EndProject
Project("{2150E333-8FDC-42A3-9474-1A3956D46DE8}") = "workflows", "workflows", "{BB18EE1F-A67A-4B66-AAAC-3BFB781F4A3F}"
	ProjectSection(SolutionItems) = preProject
		.github\workflows\dotnet.yml = .github\workflows\dotnet.yml
	EndProjectSection
EndProject
Project("{9A19103F-16F7-4668-BE54-9A1E7A4F7556}") = "Pdbc.Shopping.Domain", "Pdbc.Shopping.Domain\Pdbc.Shopping.Domain.csproj", "{A56F21A9-6A1A-470B-A5D4-F7DD5EFCEE1C}"
EndProject
Project("{2150E333-8FDC-42A3-9474-1A3956D46DE8}") = "00.General", "00.General", "{6E3B1B80-9703-473E-B2DC-E3233852000A}"
	ProjectSection(SolutionItems) = preProject
		README.md = README.md
	EndProjectSection
EndProject
Project("{9A19103F-16F7-4668-BE54-9A1E7A4F7556}") = "Pdbc.Shopping.Common", "Pdbc.Shopping.Common\Pdbc.Shopping.Common.csproj", "{F363FD5B-B7A4-492E-9779-B593A570C0F7}"
EndProject
Project("{2150E333-8FDC-42A3-9474-1A3956D46DE8}") = "10.Tests", "10.Tests", "{E9722E89-63CC-42F4-BA2F-B7517A85463A}"
EndProject
Project("{9A19103F-16F7-4668-BE54-9A1E7A4F7556}") = "Pdbc.Shopping.Tests.Helpers", "Tests\Pdbc.Shopping.Tests.Helpers\Pdbc.Shopping.Tests.Helpers.csproj", "{790DBC3D-BAFA-4B4E-AE26-85A8CAA18AB4}"
EndProject
Project("{9A19103F-16F7-4668-BE54-9A1E7A4F7556}") = "Pdbc.Shopping.Data", "Pdbc.Shopping.Data\Pdbc.Shopping.Data.csproj", "{87354AF7-D305-47D5-A7EB-902F3EF5627E}"
EndProject
Project("{2150E333-8FDC-42A3-9474-1A3956D46DE8}") = "UnitTests", "UnitTests", "{396EFA2F-4EA7-4F98-95CA-32372382B234}"
EndProject
Project("{2150E333-8FDC-42A3-9474-1A3956D46DE8}") = "Integration", "Integration", "{9595145A-3E72-4E40-BA9E-CA35E5469EAA}"
EndProject
Project("{9A19103F-16F7-4668-BE54-9A1E7A4F7556}") = "Pdbc.Shopping.UnitTests", "Tests\Pdbc.Shopping.UnitTests\Pdbc.Shopping.UnitTests.csproj", "{678C91F4-EF11-45F8-BF42-32F2B72011B5}"
EndProject
Project("{9A19103F-16F7-4668-BE54-9A1E7A4F7556}") = "Pdbc.Shopping.I18N", "Pdbc.Shopping.I18N\Pdbc.Shopping.I18N.csproj", "{FA46B83D-7495-43E0-949A-F721E3E50EB2}"
EndProject
Project("{9A19103F-16F7-4668-BE54-9A1E7A4F7556}") = "Pdbc.Shopping.Core", "Pdbc.Shopping.Core\Pdbc.Shopping.Core.csproj", "{2E89D2BA-06EF-4EE6-A90C-5779FBE615A9}"
EndProject
Project("{2150E333-8FDC-42A3-9474-1A3956D46DE8}") = "01.Api", "01.Api", "{789B95A3-A2BA-4A81-BCCE-084516EE9055}"
EndProject
Project("{9A19103F-16F7-4668-BE54-9A1E7A4F7556}") = "Pdbc.Shopping.Api.Backend", "Pdbc.Shopping.Api.Backend\Pdbc.Shopping.Api.Backend.csproj", "{CA4E4976-0CCD-48C5-8D66-84402064BE74}"
EndProject
Project("{9A19103F-16F7-4668-BE54-9A1E7A4F7556}") = "Pdbc.Shopping.Api.Common", "Pdbc.Shopping.Api.Common\Pdbc.Shopping.Api.Common.csproj", "{3DB0BFA7-6A98-4EB1-AE91-B2E273584BFB}"
EndProject
Project("{9A19103F-16F7-4668-BE54-9A1E7A4F7556}") = "Pdbc.Shopping.Services.Cqrs", "Pdbc.Shopping.Services.Cqrs\Pdbc.Shopping.Services.Cqrs.csproj", "{9E93075C-E1C8-44E7-A763-43997FE30D17}"
EndProject
Project("{2150E333-8FDC-42A3-9474-1A3956D46DE8}") = "03.Internal Services", "03.Internal Services", "{B6195885-39DE-4331-96FD-AEFB2149F7E3}"
EndProject
Project("{2150E333-8FDC-42A3-9474-1A3956D46DE8}") = "02.Contracts", "02.Contracts", "{49010DE6-CD5E-4684-9EDA-30F9FDDF3F70}"
EndProject
Project("{9A19103F-16F7-4668-BE54-9A1E7A4F7556}") = "Pdbc.Shopping.Api.Contracts", "Pdbc.Shopping.Api.Contracts\Pdbc.Shopping.Api.Contracts.csproj", "{AA2BE723-4B83-483C-80F8-97DEA10FF33E}"
EndProject
Project("{2150E333-8FDC-42A3-9474-1A3956D46DE8}") = "Api", "Api", "{E62DA193-1231-4035-AC2C-D93518A486A6}"
EndProject
Project("{2150E333-8FDC-42A3-9474-1A3956D46DE8}") = "Data", "Data", "{991371DF-D6FF-4BEA-A510-083EC9F3AAC9}"
EndProject
Project("{2150E333-8FDC-42A3-9474-1A3956D46DE8}") = "Cqrs", "Cqrs", "{A395A853-3630-4149-ABDB-2F30593976D2}"
EndProject
Project("{9A19103F-16F7-4668-BE54-9A1E7A4F7556}") = "Pdbc.Shopping.Integration.Tests", "Tests\Pdbc.Shopping.Integration.Tests\Pdbc.Shopping.Integration.Tests.csproj", "{BD3A9B08-B60F-40DB-818A-CA53F43E64FC}"
EndProject
Project("{9A19103F-16F7-4668-BE54-9A1E7A4F7556}") = "Pdbc.Shopping.IntegrationTests.Cqrs", "Tests\Pdbc.Shopping.IntegrationTests.Cqrs\Pdbc.Shopping.IntegrationTests.Cqrs.csproj", "{CDFF04F1-8A7F-482F-BA35-F6235D44DF54}"
EndProject
Project("{FAE04EC0-301F-11D3-BF4B-00C04F79EFBC}") = "Pdbc.Shopping.IntegrationTests.Api", "Tests\Pdbc.Shopping.IntegrationTests.Api\Pdbc.Shopping.IntegrationTests.Api.csproj", "{DBDD2560-4AC6-4814-A2B3-138507BF440A}"
EndProject
Project("{FAE04EC0-301F-11D3-BF4B-00C04F79EFBC}") = "Pdbc.Shopping.Api.ServiceAgent", "Pdbc.Shopping.Api.ServiceAgent\Pdbc.Shopping.Api.ServiceAgent.csproj", "{06F6956B-FF08-4B52-BC58-A1FD5826CB03}"
EndProject
Global
	GlobalSection(SolutionConfigurationPlatforms) = preSolution
		Debug|Any CPU = Debug|Any CPU
		Release|Any CPU = Release|Any CPU
	EndGlobalSection
	GlobalSection(ProjectConfigurationPlatforms) = postSolution
		{A56F21A9-6A1A-470B-A5D4-F7DD5EFCEE1C}.Debug|Any CPU.ActiveCfg = Debug|Any CPU
		{A56F21A9-6A1A-470B-A5D4-F7DD5EFCEE1C}.Debug|Any CPU.Build.0 = Debug|Any CPU
		{A56F21A9-6A1A-470B-A5D4-F7DD5EFCEE1C}.Release|Any CPU.ActiveCfg = Release|Any CPU
		{A56F21A9-6A1A-470B-A5D4-F7DD5EFCEE1C}.Release|Any CPU.Build.0 = Release|Any CPU
		{F363FD5B-B7A4-492E-9779-B593A570C0F7}.Debug|Any CPU.ActiveCfg = Debug|Any CPU
		{F363FD5B-B7A4-492E-9779-B593A570C0F7}.Debug|Any CPU.Build.0 = Debug|Any CPU
		{F363FD5B-B7A4-492E-9779-B593A570C0F7}.Release|Any CPU.ActiveCfg = Release|Any CPU
		{F363FD5B-B7A4-492E-9779-B593A570C0F7}.Release|Any CPU.Build.0 = Release|Any CPU
		{790DBC3D-BAFA-4B4E-AE26-85A8CAA18AB4}.Debug|Any CPU.ActiveCfg = Debug|Any CPU
		{790DBC3D-BAFA-4B4E-AE26-85A8CAA18AB4}.Debug|Any CPU.Build.0 = Debug|Any CPU
		{790DBC3D-BAFA-4B4E-AE26-85A8CAA18AB4}.Release|Any CPU.ActiveCfg = Release|Any CPU
		{790DBC3D-BAFA-4B4E-AE26-85A8CAA18AB4}.Release|Any CPU.Build.0 = Release|Any CPU
		{87354AF7-D305-47D5-A7EB-902F3EF5627E}.Debug|Any CPU.ActiveCfg = Debug|Any CPU
		{87354AF7-D305-47D5-A7EB-902F3EF5627E}.Debug|Any CPU.Build.0 = Debug|Any CPU
		{87354AF7-D305-47D5-A7EB-902F3EF5627E}.Release|Any CPU.ActiveCfg = Release|Any CPU
		{87354AF7-D305-47D5-A7EB-902F3EF5627E}.Release|Any CPU.Build.0 = Release|Any CPU
		{678C91F4-EF11-45F8-BF42-32F2B72011B5}.Debug|Any CPU.ActiveCfg = Debug|Any CPU
		{678C91F4-EF11-45F8-BF42-32F2B72011B5}.Debug|Any CPU.Build.0 = Debug|Any CPU
		{678C91F4-EF11-45F8-BF42-32F2B72011B5}.Release|Any CPU.ActiveCfg = Release|Any CPU
		{678C91F4-EF11-45F8-BF42-32F2B72011B5}.Release|Any CPU.Build.0 = Release|Any CPU
		{FA46B83D-7495-43E0-949A-F721E3E50EB2}.Debug|Any CPU.ActiveCfg = Debug|Any CPU
		{FA46B83D-7495-43E0-949A-F721E3E50EB2}.Debug|Any CPU.Build.0 = Debug|Any CPU
		{FA46B83D-7495-43E0-949A-F721E3E50EB2}.Release|Any CPU.ActiveCfg = Release|Any CPU
		{FA46B83D-7495-43E0-949A-F721E3E50EB2}.Release|Any CPU.Build.0 = Release|Any CPU
		{2E89D2BA-06EF-4EE6-A90C-5779FBE615A9}.Debug|Any CPU.ActiveCfg = Debug|Any CPU
		{2E89D2BA-06EF-4EE6-A90C-5779FBE615A9}.Debug|Any CPU.Build.0 = Debug|Any CPU
		{2E89D2BA-06EF-4EE6-A90C-5779FBE615A9}.Release|Any CPU.ActiveCfg = Release|Any CPU
		{2E89D2BA-06EF-4EE6-A90C-5779FBE615A9}.Release|Any CPU.Build.0 = Release|Any CPU
		{CA4E4976-0CCD-48C5-8D66-84402064BE74}.Debug|Any CPU.ActiveCfg = Debug|Any CPU
		{CA4E4976-0CCD-48C5-8D66-84402064BE74}.Debug|Any CPU.Build.0 = Debug|Any CPU
		{CA4E4976-0CCD-48C5-8D66-84402064BE74}.Release|Any CPU.ActiveCfg = Release|Any CPU
		{CA4E4976-0CCD-48C5-8D66-84402064BE74}.Release|Any CPU.Build.0 = Release|Any CPU
		{3DB0BFA7-6A98-4EB1-AE91-B2E273584BFB}.Debug|Any CPU.ActiveCfg = Debug|Any CPU
		{3DB0BFA7-6A98-4EB1-AE91-B2E273584BFB}.Debug|Any CPU.Build.0 = Debug|Any CPU
		{3DB0BFA7-6A98-4EB1-AE91-B2E273584BFB}.Release|Any CPU.ActiveCfg = Release|Any CPU
		{3DB0BFA7-6A98-4EB1-AE91-B2E273584BFB}.Release|Any CPU.Build.0 = Release|Any CPU
		{9E93075C-E1C8-44E7-A763-43997FE30D17}.Debug|Any CPU.ActiveCfg = Debug|Any CPU
		{9E93075C-E1C8-44E7-A763-43997FE30D17}.Debug|Any CPU.Build.0 = Debug|Any CPU
		{9E93075C-E1C8-44E7-A763-43997FE30D17}.Release|Any CPU.ActiveCfg = Release|Any CPU
		{9E93075C-E1C8-44E7-A763-43997FE30D17}.Release|Any CPU.Build.0 = Release|Any CPU
		{AA2BE723-4B83-483C-80F8-97DEA10FF33E}.Debug|Any CPU.ActiveCfg = Debug|Any CPU
		{AA2BE723-4B83-483C-80F8-97DEA10FF33E}.Debug|Any CPU.Build.0 = Debug|Any CPU
		{AA2BE723-4B83-483C-80F8-97DEA10FF33E}.Release|Any CPU.ActiveCfg = Release|Any CPU
		{AA2BE723-4B83-483C-80F8-97DEA10FF33E}.Release|Any CPU.Build.0 = Release|Any CPU
		{BD3A9B08-B60F-40DB-818A-CA53F43E64FC}.Debug|Any CPU.ActiveCfg = Debug|Any CPU
		{BD3A9B08-B60F-40DB-818A-CA53F43E64FC}.Debug|Any CPU.Build.0 = Debug|Any CPU
		{BD3A9B08-B60F-40DB-818A-CA53F43E64FC}.Release|Any CPU.ActiveCfg = Release|Any CPU
		{BD3A9B08-B60F-40DB-818A-CA53F43E64FC}.Release|Any CPU.Build.0 = Release|Any CPU
		{CDFF04F1-8A7F-482F-BA35-F6235D44DF54}.Debug|Any CPU.ActiveCfg = Debug|Any CPU
		{CDFF04F1-8A7F-482F-BA35-F6235D44DF54}.Debug|Any CPU.Build.0 = Debug|Any CPU
		{CDFF04F1-8A7F-482F-BA35-F6235D44DF54}.Release|Any CPU.ActiveCfg = Release|Any CPU
		{CDFF04F1-8A7F-482F-BA35-F6235D44DF54}.Release|Any CPU.Build.0 = Release|Any CPU
		{DBDD2560-4AC6-4814-A2B3-138507BF440A}.Debug|Any CPU.ActiveCfg = Debug|Any CPU
		{DBDD2560-4AC6-4814-A2B3-138507BF440A}.Debug|Any CPU.Build.0 = Debug|Any CPU
		{DBDD2560-4AC6-4814-A2B3-138507BF440A}.Release|Any CPU.ActiveCfg = Release|Any CPU
		{DBDD2560-4AC6-4814-A2B3-138507BF440A}.Release|Any CPU.Build.0 = Release|Any CPU
		{06F6956B-FF08-4B52-BC58-A1FD5826CB03}.Debug|Any CPU.ActiveCfg = Debug|Any CPU
		{06F6956B-FF08-4B52-BC58-A1FD5826CB03}.Debug|Any CPU.Build.0 = Debug|Any CPU
		{06F6956B-FF08-4B52-BC58-A1FD5826CB03}.Release|Any CPU.ActiveCfg = Release|Any CPU
		{06F6956B-FF08-4B52-BC58-A1FD5826CB03}.Release|Any CPU.Build.0 = Release|Any CPU
	EndGlobalSection
	GlobalSection(SolutionProperties) = preSolution
		HideSolutionNode = FALSE
	EndGlobalSection
	GlobalSection(NestedProjects) = preSolution
		{2CA72A91-BE99-432D-B63F-0EADAFA01FBF} = {6E3B1B80-9703-473E-B2DC-E3233852000A}
		{BB18EE1F-A67A-4B66-AAAC-3BFB781F4A3F} = {DDF7F5A5-86B3-4512-8AB4-B180F801A64D}
		{790DBC3D-BAFA-4B4E-AE26-85A8CAA18AB4} = {E9722E89-63CC-42F4-BA2F-B7517A85463A}
		{396EFA2F-4EA7-4F98-95CA-32372382B234} = {E9722E89-63CC-42F4-BA2F-B7517A85463A}
		{9595145A-3E72-4E40-BA9E-CA35E5469EAA} = {E9722E89-63CC-42F4-BA2F-B7517A85463A}
		{678C91F4-EF11-45F8-BF42-32F2B72011B5} = {396EFA2F-4EA7-4F98-95CA-32372382B234}
		{CA4E4976-0CCD-48C5-8D66-84402064BE74} = {789B95A3-A2BA-4A81-BCCE-084516EE9055}
		{3DB0BFA7-6A98-4EB1-AE91-B2E273584BFB} = {789B95A3-A2BA-4A81-BCCE-084516EE9055}
		{9E93075C-E1C8-44E7-A763-43997FE30D17} = {B6195885-39DE-4331-96FD-AEFB2149F7E3}
		{AA2BE723-4B83-483C-80F8-97DEA10FF33E} = {49010DE6-CD5E-4684-9EDA-30F9FDDF3F70}
		{E62DA193-1231-4035-AC2C-D93518A486A6} = {9595145A-3E72-4E40-BA9E-CA35E5469EAA}
		{991371DF-D6FF-4BEA-A510-083EC9F3AAC9} = {9595145A-3E72-4E40-BA9E-CA35E5469EAA}
		{A395A853-3630-4149-ABDB-2F30593976D2} = {9595145A-3E72-4E40-BA9E-CA35E5469EAA}
		{BD3A9B08-B60F-40DB-818A-CA53F43E64FC} = {9595145A-3E72-4E40-BA9E-CA35E5469EAA}
		{CDFF04F1-8A7F-482F-BA35-F6235D44DF54} = {A395A853-3630-4149-ABDB-2F30593976D2}
		{DBDD2560-4AC6-4814-A2B3-138507BF440A} = {E62DA193-1231-4035-AC2C-D93518A486A6}
		{06F6956B-FF08-4B52-BC58-A1FD5826CB03} = {789B95A3-A2BA-4A81-BCCE-084516EE9055}
	EndGlobalSection
	GlobalSection(ExtensibilityGlobals) = postSolution
		SolutionGuid = {5FE6B856-AFCA-4CEF-8096-057AC79538A1}
	EndGlobalSection
EndGlobal
